
Microsoft Visual Studio Solution File, Format Version 12.00
# Visual Studio Version 17
VisualStudioVersion = 17.0.31919.166
MinimumVisualStudioVersion = 10.0.40219.1
Project("{FAE04EC0-301F-11D3-BF4B-00C04F79EFBC}") = "FruitRecognitionService", "FruitRecognitionService\FruitRecognitionService.csproj", "{F42BB942-8386-480B-82EC-C1709FD0345C}"
EndProject
Project("{FAE04EC0-301F-11D3-BF4B-00C04F79EFBC}") = "FruitRecognitionService.Test", "FruitRecognitionService.Test\FruitRecognitionService.Test.csproj", "{E48355FD-B04A-4DC6-BA97-ECA9B0BF7FEA}"
EndProject
Global
	GlobalSection(SolutionConfigurationPlatforms) = preSolution
		Debug|Any CPU = Debug|Any CPU
		Release|Any CPU = Release|Any CPU
	EndGlobalSection
	GlobalSection(ProjectConfigurationPlatforms) = postSolution
		{F42BB942-8386-480B-82EC-C1709FD0345C}.Debug|Any CPU.ActiveCfg = Debug|Any CPU
		{F42BB942-8386-480B-82EC-C1709FD0345C}.Debug|Any CPU.Build.0 = Debug|Any CPU
		{F42BB942-8386-480B-82EC-C1709FD0345C}.Release|Any CPU.ActiveCfg = Release|Any CPU
		{F42BB942-8386-480B-82EC-C1709FD0345C}.Release|Any CPU.Build.0 = Release|Any CPU
		{E48355FD-B04A-4DC6-BA97-ECA9B0BF7FEA}.Debug|Any CPU.ActiveCfg = Debug|Any CPU
		{E48355FD-B04A-4DC6-BA97-ECA9B0BF7FEA}.Debug|Any CPU.Build.0 = Debug|Any CPU
		{E48355FD-B04A-4DC6-BA97-ECA9B0BF7FEA}.Release|Any CPU.ActiveCfg = Release|Any CPU
		{E48355FD-B04A-4DC6-BA97-ECA9B0BF7FEA}.Release|Any CPU.Build.0 = Release|Any CPU
	EndGlobalSection
	GlobalSection(SolutionProperties) = preSolution
		HideSolutionNode = FALSE
	EndGlobalSection
	GlobalSection(ExtensibilityGlobals) = postSolution
		SolutionGuid = {E51C03FF-4813-492F-ACE5-97A5BF69266A}
	EndGlobalSection
EndGlobal
